[[package]]
name = "pysqlite3"
version = "0.4.7"
description = "DB-API 2.0 interface for Sqlite 3.x"
category = "main"
optional = false
python-versions = "*"

[[package]]
name = "tk"
version = "0.1.0"
description = "TensorKit is a deep learning helper between Python and C++."
category = "main"
optional = false
python-versions = "*"

[metadata]
lock-version = "1.1"
python-versions = "^3.9"
content-hash = "01a333bde81596c12e648cee4b6db42f0ed92039798fedf3e4a4e63211b7a32f"

[metadata.files]
pysqlite3 = [
    {file = "pysqlite3-0.4.7.tar.gz", hash = "sha256:0352864898aa406beb762f4a620594c950a9a4430caab679bce574065698c8ac"},
]
tk = [
    {file = "tk-0.1.0-py3-none-any.whl", hash = "sha256:703a69ff0d5ba2bd2f7440582ad10160e4a6561595d33457dc6caa79b9bf4930"},
    {file = "tk-0.1.0.tar.gz", hash = "sha256:60bc8923d5d35f67f5c6bd93d4f0c49d2048114ec077768f959aef36d4ed97f8"},
]
